{
    "_readme": [
        "This file locks the dependencies of your project to a known state",
        "Read more about it at http://getcomposer.org/doc/01-basic-usage.md#composer-lock-the-lock-file",
        "This file is @generated automatically"
    ],
    "hash": "0628470d5f1f1a146231c6bc802b3465",
    "packages": [
        {
            "name": "epforgpl/parsers-senat",
            "version": "v0.4.0",
            "source": {
                "type": "git",
                "url": "https://github.com/epforgpl/parsers-senat.git",
                "reference": "81142cea7ef7544a22efae0a4bc87aba528d739a"
            },
            "dist": {
                "type": "zip",
                "url": "https://api.github.com/repos/epforgpl/parsers-senat/zipball/81142cea7ef7544a22efae0a4bc87aba528d739a",
                "reference": "81142cea7ef7544a22efae0a4bc87aba528d739a",
                "shasum": ""
            },
            "require": {
                "gilbitron/php-simplecache": "~1.4"
            },
            "type": "library",
            "autoload": {
                "psr-4": {
                    "epforgpl\\parsers\\": "src/"
                }
            },
            "authors": [
                {
                    "name": "Jakub Król",
                    "email": "j.krol@media30.pl",
                    "homepage": "http://media30.pl"
                },
                {
                    "name": "Krzysztof Madejski",
                    "email": "krzysztof.madejski@epf.org.pl",
                    "homepage": "http://epf.org.pl"
                }
            ],
            "description": "Parsing data from Polish Senat",
            "homepage": "https://github.com/epforgpl/parsers-senat",
            "keywords": [
                "parldata",
                "parser",
                "poland",
                "polish",
                "scraper",
                "senat",
                "senate"
            ],
            "support": {
                "source": "https://github.com/epforgpl/parsers-senat/tree/v0.4.0",
                "issues": "https://github.com/epforgpl/parsers-senat/issues"
            },
            "time": "2015-03-08 21:52:30"
        },
        {
            "name": "gilbitron/php-simplecache",
            "version": "1.4.1",
            "source": {
                "type": "git",
                "url": "https://github.com/gilbitron/PHP-SimpleCache.git",
                "reference": "eb43b12945955428ced0b55d711d57afc6c4c9b3"
            },
            "dist": {
                "type": "zip",
                "url": "https://api.github.com/repos/gilbitron/PHP-SimpleCache/zipball/eb43b12945955428ced0b55d711d57afc6c4c9b3",
                "reference": "eb43b12945955428ced0b55d711d57afc6c4c9b3",
                "shasum": ""
            },
            "require": {
                "php": ">=5.3.0"
            },
            "type": "library",
            "autoload": {
                "psr-4": {
                    "Gilbitron\\Util\\": "src/"
                }
            },
            "notification-url": "https://packagist.org/downloads/",
            "license": [
                "MIT"
            ],
            "authors": [
                {
                    "name": "Gilbert Pellegrom",
                    "email": "gilbert@pellegrom.me",
                    "homepage": "http://gilbert.pellegrom.me"
                }
            ],
            "description": "A simple script for caching 3rd party API calls in PHP.",
            "homepage": "https://github.com/gilbitron/PHP-SimpleCache",
            "keywords": [
                "cache",
                "simplecache"
            ],
            "time": "2014-07-15 09:37:49"
        }
    ],
    "packages-dev": [],
    "aliases": [],
    "minimum-stability": "stable",
    "stability-flags": [],
    "prefer-stable": false,
    "prefer-lowest": false,
    "platform": [],
    "platform-dev": []
}
