{
    "_readme": [
        "This file locks the dependencies of your project to a known state",
        "Read more about it at https://getcomposer.org/doc/01-basic-usage.md#composer-lock-the-lock-file",
        "This file is @generated automatically"
    ],
    "hash": "553e20f63129f5aadced0327f0d87543",
    "content-hash": "79a6c37b9bf4125c22a058a60c79e418",
    "packages": [
        {
            "name": "epforgpl/parsers-senat",
            "version": "v1.9.0",
            "source": {
                "type": "git",
                "url": "https://github.com/epforgpl/parsers-senat.git",
                "reference": "3b9646b5e95ca0eafa6adcb3d70bae73f2b44c0f"
            },
            "dist": {
                "type": "zip",
                "url": "https://api.github.com/repos/epforgpl/parsers-senat/zipball/3b9646b5e95ca0eafa6adcb3d70bae73f2b44c0f",
                "reference": "3b9646b5e95ca0eafa6adcb3d70bae73f2b44c0f",
                "shasum": ""
            },
            "require": {
                "gilbitron/php-simplecache": "~1.4"
            },
            "type": "library",
            "autoload": {
                "psr-4": {
                    "epforgpl\\parsers\\": "src/"
                }
            },
            "authors": [
                {
                    "name": "Jakub Król",
                    "email": "j.krol@media30.pl",
                    "homepage": "http://media30.pl"
                },
                {
                    "name": "Krzysztof Madejski",
                    "email": "krzysztof.madejski@epf.org.pl",
                    "homepage": "http://epf.org.pl"
                }
            ],
            "description": "Parsing data from Polish Senat",
            "homepage": "https://github.com/epforgpl/parsers-senat",
            "keywords": [
                "parldata",
                "parser",
                "poland",
                "polish",
                "scraper",
                "senat",
                "senate"
            ],
            "support": {
                "source": "https://github.com/epforgpl/parsers-senat/tree/v1.9.0",
                "issues": "https://github.com/epforgpl/parsers-senat/issues"
            },
            "time": "2017-11-07 14:42:52"
        },
        {
            "name": "gilbitron/php-simplecache",
            "version": "1.4.2",
            "source": {
                "type": "git",
                "url": "https://github.com/gilbitron/PHP-SimpleCache.git",
                "reference": "92da2b34d818c2c272d76521402163b53b3bb31f"
            },
            "dist": {
                "type": "zip",
                "url": "https://api.github.com/repos/gilbitron/PHP-SimpleCache/zipball/92da2b34d818c2c272d76521402163b53b3bb31f",
                "reference": "92da2b34d818c2c272d76521402163b53b3bb31f",
                "shasum": ""
            },
            "require": {
                "php": ">=5.3.0"
            },
            "type": "library",
            "autoload": {
                "psr-4": {
                    "Gilbitron\\Util\\": "src/"
                }
            },
            "notification-url": "https://packagist.org/downloads/",
            "license": [
                "MIT"
            ],
            "authors": [
                {
                    "name": "Gilbert Pellegrom",
                    "email": "gilbert@pellegrom.me",
                    "homepage": "http://gilbert.pellegrom.me"
                }
            ],
            "description": "A simple script for caching 3rd party API calls in PHP.",
            "homepage": "https://github.com/gilbitron/PHP-SimpleCache",
            "keywords": [
                "cache",
                "simplecache"
            ],
            "time": "2017-01-17 12:53:32"
        }
    ],
    "packages-dev": [],
    "aliases": [],
    "minimum-stability": "stable",
    "stability-flags": [],
    "prefer-stable": false,
    "prefer-lowest": false,
    "platform": [],
    "platform-dev": []
}
